// !$*UTF8*$!
{
	archiveVersion = 1;
	classes = {
	};
	objectVersion = 56;
	objects = {

/* Begin PBXBuildFile section */
		EECEED642C1FE45800C0A60D /* PikachoApp.swift in Sources */ = {isa = PBXBuildFile; fileRef = EECEED632C1FE45800C0A60D /* PikachoApp.swift */; };
		EECEED662C1FE45800C0A60D /* ContentView.swift in Sources */ = {isa = PBXBuildFile; fileRef = EECEED652C1FE45800C0A60D /* ContentView.swift */; };
		EECEED682C1FE45800C0A60D /* Assets.xcassets in Resources */ = {isa = PBXBuildFile; fileRef = EECEED672C1FE45800C0A60D /* Assets.xcassets */; };
		EECEED6B2C1FE45800C0A60D /* Preview Assets.xcassets in Resources */ = {isa = PBXBuildFile; fileRef = EECEED6A2C1FE45800C0A60D /* Preview Assets.xcassets */; };
		EEE024A02C217EAB002E239A /* Font+.swift in Sources */ = {isa = PBXBuildFile; fileRef = EEE0249F2C217EAB002E239A /* Font+.swift */; };
		EEE024A92C2180A2002E239A /* BookingView.swift in Sources */ = {isa = PBXBuildFile; fileRef = EEE024A82C2180A2002E239A /* BookingView.swift */; };
		EEE024AB2C226216002E239A /* CheckView.swift in Sources */ = {isa = PBXBuildFile; fileRef = EEE024AA2C226216002E239A /* CheckView.swift */; };
		EEE024AE2C226BBC002E239A /* SF-Pro-Text-Regular.otf in Resources */ = {isa = PBXBuildFile; fileRef = EEE024AC2C226BBC002E239A /* SF-Pro-Text-Regular.otf */; };
		EEE024AF2C226BBC002E239A /* SF-Pro-Text-Bold.otf in Resources */ = {isa = PBXBuildFile; fileRef = EEE024AD2C226BBC002E239A /* SF-Pro-Text-Bold.otf */; };
		F77E75D42C2118D800972FFE /* PCBooking.swift in Sources */ = {isa = PBXBuildFile; fileRef = F77E75D32C2118D800972FFE /* PCBooking.swift */; };
		F77E75D62C211D0000972FFE /* PCColorList.swift in Sources */ = {isa = PBXBuildFile; fileRef = F77E75D52C211D0000972FFE /* PCColorList.swift */; };
		F77E75D82C211DAE00972FFE /* ColorWithHex.swift in Sources */ = {isa = PBXBuildFile; fileRef = F77E75D72C211DAE00972FFE /* ColorWithHex.swift */; };
/* End PBXBuildFile section */

/* Begin PBXFileReference section */
		EECEED602C1FE45800C0A60D /* Pikacho.app */ = {isa = PBXFileReference; explicitFileType = wrapper.application; includeInIndex = 0; path = Pikacho.app; sourceTree = BUILT_PRODUCTS_DIR; };
		EECEED632C1FE45800C0A60D /* PikachoApp.swift */ = {isa = PBXFileReference; lastKnownFileType = sourcecode.swift; path = PikachoApp.swift; sourceTree = "<group>"; };
		EECEED652C1FE45800C0A60D /* ContentView.swift */ = {isa = PBXFileReference; lastKnownFileType = sourcecode.swift; path = ContentView.swift; sourceTree = "<group>"; };
		EECEED672C1FE45800C0A60D /* Assets.xcassets */ = {isa = PBXFileReference; lastKnownFileType = folder.assetcatalog; path = Assets.xcassets; sourceTree = "<group>"; };
		EECEED6A2C1FE45800C0A60D /* Preview Assets.xcassets */ = {isa = PBXFileReference; lastKnownFileType = folder.assetcatalog; path = "Preview Assets.xcassets"; sourceTree = "<group>"; };
		EEE0249F2C217EAB002E239A /* Font+.swift */ = {isa = PBXFileReference; lastKnownFileType = sourcecode.swift; path = "Font+.swift"; sourceTree = "<group>"; };
		EEE024A72C217FEE002E239A /* Info.plist */ = {isa = PBXFileReference; lastKnownFileType = text.plist; path = Info.plist; sourceTree = "<group>"; };
		EEE024A82C2180A2002E239A /* BookingView.swift */ = {isa = PBXFileReference; lastKnownFileType = sourcecode.swift; path = BookingView.swift; sourceTree = "<group>"; };
		EEE024AA2C226216002E239A /* CheckView.swift */ = {isa = PBXFileReference; lastKnownFileType = sourcecode.swift; path = CheckView.swift; sourceTree = "<group>"; };
		EEE024AC2C226BBC002E239A /* SF-Pro-Text-Regular.otf */ = {isa = PBXFileReference; lastKnownFileType = file; path = "SF-Pro-Text-Regular.otf"; sourceTree = "<group>"; };
		EEE024AD2C226BBC002E239A /* SF-Pro-Text-Bold.otf */ = {isa = PBXFileReference; lastKnownFileType = file; path = "SF-Pro-Text-Bold.otf"; sourceTree = "<group>"; };
		F77E75D32C2118D800972FFE /* PCBooking.swift */ = {isa = PBXFileReference; lastKnownFileType = sourcecode.swift; path = PCBooking.swift; sourceTree = "<group>"; };
		F77E75D52C211D0000972FFE /* PCColorList.swift */ = {isa = PBXFileReference; lastKnownFileType = sourcecode.swift; path = PCColorList.swift; sourceTree = "<group>"; };
		F77E75D72C211DAE00972FFE /* ColorWithHex.swift */ = {isa = PBXFileReference; lastKnownFileType = sourcecode.swift; path = ColorWithHex.swift; sourceTree = "<group>"; };
/* End PBXFileReference section */

/* Begin PBXFrameworksBuildPhase section */
		EECEED5D2C1FE45800C0A60D /* Frameworks */ = {
			isa = PBXFrameworksBuildPhase;
			buildActionMask = 2147483647;
			files = (
			);
			runOnlyForDeploymentPostprocessing = 0;
		};
/* End PBXFrameworksBuildPhase section */

/* Begin PBXGroup section */
		EECEED572C1FE45800C0A60D = {
			isa = PBXGroup;
			children = (
				EECEED622C1FE45800C0A60D /* Pikacho */,
				EECEED612C1FE45800C0A60D /* Products */,
			);
			sourceTree = "<group>";
		};
		EECEED612C1FE45800C0A60D /* Products */ = {
			isa = PBXGroup;
			children = (
				EECEED602C1FE45800C0A60D /* Pikacho.app */,
			);
			name = Products;
			sourceTree = "<group>";
		};
		EECEED622C1FE45800C0A60D /* Pikacho */ = {
			isa = PBXGroup;
			children = (
				EEE024A72C217FEE002E239A /* Info.plist */,
				EEE0249E2C217E9C002E239A /* Resource */,
				EECEED632C1FE45800C0A60D /* PikachoApp.swift */,
				F77E75D92C211DBF00972FFE /* Util */,
				F77E75D22C2117C700972FFE /* View */,
				F77E75D12C2117BD00972FFE /* Model */,
				EECEED692C1FE45800C0A60D /* Preview Content */,
			);
			path = Pikacho;
			sourceTree = "<group>";
		};
		EECEED692C1FE45800C0A60D /* Preview Content */ = {
			isa = PBXGroup;
			children = (
				EECEED6A2C1FE45800C0A60D /* Preview Assets.xcassets */,
			);
			path = "Preview Content";
			sourceTree = "<group>";
		};
		EEE0249E2C217E9C002E239A /* Resource */ = {
			isa = PBXGroup;
			children = (
				EECEED672C1FE45800C0A60D /* Assets.xcassets */,
				EEE024A22C217EE7002E239A /* Font */,
				EEE024A12C217EC9002E239A /* Extension */,
			);
			path = Resource;
			sourceTree = "<group>";
		};
		EEE024A12C217EC9002E239A /* Extension */ = {
			isa = PBXGroup;
			children = (
				EEE0249F2C217EAB002E239A /* Font+.swift */,
			);
			path = Extension;
			sourceTree = "<group>";
		};
		EEE024A22C217EE7002E239A /* Font */ = {
			isa = PBXGroup;
			children = (
				EEE024AD2C226BBC002E239A /* SF-Pro-Text-Bold.otf */,
				EEE024AC2C226BBC002E239A /* SF-Pro-Text-Regular.otf */,
			);
			path = Font;
			sourceTree = "<group>";
		};
		F77E75D12C2117BD00972FFE /* Model */ = {
			isa = PBXGroup;
			children = (
				F77E75D32C2118D800972FFE /* PCBooking.swift */,
				F77E75D52C211D0000972FFE /* PCColorList.swift */,
			);
			path = Model;
			sourceTree = "<group>";
		};
		F77E75D22C2117C700972FFE /* View */ = {
			isa = PBXGroup;
			children = (
				EECEED652C1FE45800C0A60D /* ContentView.swift */,
				EEE024A82C2180A2002E239A /* BookingView.swift */,
				EEE024AA2C226216002E239A /* CheckView.swift */,
			);
			path = View;
			sourceTree = "<group>";
		};
		F77E75D92C211DBF00972FFE /* Util */ = {
			isa = PBXGroup;
			children = (
				F77E75D72C211DAE00972FFE /* ColorWithHex.swift */,
			);
			path = Util;
			sourceTree = "<group>";
		};
/* End PBXGroup section */

/* Begin PBXNativeTarget section */
		EECEED5F2C1FE45800C0A60D /* Pikacho */ = {
			isa = PBXNativeTarget;
			buildConfigurationList = EECEED6E2C1FE45800C0A60D /* Build configuration list for PBXNativeTarget "Pikacho" */;
			buildPhases = (
				EECEED5C2C1FE45800C0A60D /* Sources */,
				EECEED5D2C1FE45800C0A60D /* Frameworks */,
				EECEED5E2C1FE45800C0A60D /* Resources */,
			);
			buildRules = (
			);
			dependencies = (
			);
			name = Pikacho;
			productName = Pikacho;
			productReference = EECEED602C1FE45800C0A60D /* Pikacho.app */;
			productType = "com.apple.product-type.application";
		};
/* End PBXNativeTarget section */

/* Begin PBXProject section */
		EECEED582C1FE45800C0A60D /* Project object */ = {
			isa = PBXProject;
			attributes = {
				BuildIndependentTargetsInParallel = 1;
				LastSwiftUpdateCheck = 1530;
				LastUpgradeCheck = 1530;
				TargetAttributes = {
					EECEED5F2C1FE45800C0A60D = {
						CreatedOnToolsVersion = 15.3;
					};
				};
			};
			buildConfigurationList = EECEED5B2C1FE45800C0A60D /* Build configuration list for PBXProject "Pikacho" */;
			compatibilityVersion = "Xcode 14.0";
			developmentRegion = en;
			hasScannedForEncodings = 0;
			knownRegions = (
				en,
				Base,
			);
			mainGroup = EECEED572C1FE45800C0A60D;
			productRefGroup = EECEED612C1FE45800C0A60D /* Products */;
			projectDirPath = "";
			projectRoot = "";
			targets = (
				EECEED5F2C1FE45800C0A60D /* Pikacho */,
			);
		};
/* End PBXProject section */

/* Begin PBXResourcesBuildPhase section */
		EECEED5E2C1FE45800C0A60D /* Resources */ = {
			isa = PBXResourcesBuildPhase;
			buildActionMask = 2147483647;
			files = (
				EEE024AE2C226BBC002E239A /* SF-Pro-Text-Regular.otf in Resources */,
				EECEED6B2C1FE45800C0A60D /* Preview Assets.xcassets in Resources */,
				EEE024AF2C226BBC002E239A /* SF-Pro-Text-Bold.otf in Resources */,
				EECEED682C1FE45800C0A60D /* Assets.xcassets in Resources */,
			);
			runOnlyForDeploymentPostprocessing = 0;
		};
/* End PBXResourcesBuildPhase section */

/* Begin PBXSourcesBuildPhase section */
		EECEED5C2C1FE45800C0A60D /* Sources */ = {
			isa = PBXSourcesBuildPhase;
			buildActionMask = 2147483647;
			files = (
				F77E75D82C211DAE00972FFE /* ColorWithHex.swift in Sources */,
				EECEED662C1FE45800C0A60D /* ContentView.swift in Sources */,
				EEE024A92C2180A2002E239A /* BookingView.swift in Sources */,
				EEE024AB2C226216002E239A /* CheckView.swift in Sources */,
				EEE024A02C217EAB002E239A /* Font+.swift in Sources */,
				F77E75D42C2118D800972FFE /* PCBooking.swift in Sources */,
				F77E75D62C211D0000972FFE /* PCColorList.swift in Sources */,
				EECEED642C1FE45800C0A60D /* PikachoApp.swift in Sources */,
			);
			runOnlyForDeploymentPostprocessing = 0;
		};
/* End PBXSourcesBuildPhase section */

/* Begin XCBuildConfiguration section */
		EECEED6C2C1FE45800C0A60D /* Debug */ = {
			isa = XCBuildConfiguration;
			buildSettings = {
				ALWAYS_SEARCH_USER_PATHS = NO;
				ASSETCATALOG_COMPILER_GENERATE_SWIFT_ASSET_SYMBOL_EXTENSIONS = YES;
				CLANG_ANALYZER_NONNULL = YES;
				CLANG_ANALYZER_NUMBER_OBJECT_CONVERSION = YES_AGGRESSIVE;
				CLANG_CXX_LANGUAGE_STANDARD = "gnu++20";
				CLANG_ENABLE_MODULES = YES;
				CLANG_ENABLE_OBJC_ARC = YES;
				CLANG_ENABLE_OBJC_WEAK = YES;
				CLANG_WARN_BLOCK_CAPTURE_AUTORELEASING = YES;
				CLANG_WARN_BOOL_CONVERSION = YES;
				CLANG_WARN_COMMA = YES;
				CLANG_WARN_CONSTANT_CONVERSION = YES;
				CLANG_WARN_DEPRECATED_OBJC_IMPLEMENTATIONS = YES;
				CLANG_WARN_DIRECT_OBJC_ISA_USAGE = YES_ERROR;
				CLANG_WARN_DOCUMENTATION_COMMENTS = YES;
				CLANG_WARN_EMPTY_BODY = YES;
				CLANG_WARN_ENUM_CONVERSION = YES;
				CLANG_WARN_INFINITE_RECURSION = YES;
				CLANG_WARN_INT_CONVERSION = YES;
				CLANG_WARN_NON_LITERAL_NULL_CONVERSION = YES;
				CLANG_WARN_OBJC_IMPLICIT_RETAIN_SELF = YES;
				CLANG_WARN_OBJC_LITERAL_CONVERSION = YES;
				CLANG_WARN_OBJC_ROOT_CLASS = YES_ERROR;
				CLANG_WARN_QUOTED_INCLUDE_IN_FRAMEWORK_HEADER = YES;
				CLANG_WARN_RANGE_LOOP_ANALYSIS = YES;
				CLANG_WARN_STRICT_PROTOTYPES = YES;
				CLANG_WARN_SUSPICIOUS_MOVE = YES;
				CLANG_WARN_UNGUARDED_AVAILABILITY = YES_AGGRESSIVE;
				CLANG_WARN_UNREACHABLE_CODE = YES;
				CLANG_WARN__DUPLICATE_METHOD_MATCH = YES;
				COPY_PHASE_STRIP = NO;
				DEBUG_INFORMATION_FORMAT = dwarf;
				ENABLE_STRICT_OBJC_MSGSEND = YES;
				ENABLE_TESTABILITY = YES;
				ENABLE_USER_SCRIPT_SANDBOXING = YES;
				GCC_C_LANGUAGE_STANDARD = gnu17;
				GCC_DYNAMIC_NO_PIC = NO;
				GCC_NO_COMMON_BLOCKS = YES;
				GCC_OPTIMIZATION_LEVEL = 0;
				GCC_PREPROCESSOR_DEFINITIONS = (
					"DEBUG=1",
					"$(inherited)",
				);
				GCC_WARN_64_TO_32_BIT_CONVERSION = YES;
				GCC_WARN_ABOUT_RETURN_TYPE = YES_ERROR;
				GCC_WARN_UNDECLARED_SELECTOR = YES;
				GCC_WARN_UNINITIALIZED_AUTOS = YES_AGGRESSIVE;
				GCC_WARN_UNUSED_FUNCTION = YES;
				GCC_WARN_UNUSED_VARIABLE = YES;
				IPHONEOS_DEPLOYMENT_TARGET = 17.4;
				LOCALIZATION_PREFERS_STRING_CATALOGS = YES;
				MTL_ENABLE_DEBUG_INFO = INCLUDE_SOURCE;
				MTL_FAST_MATH = YES;
				ONLY_ACTIVE_ARCH = YES;
				SDKROOT = iphoneos;
				SWIFT_ACTIVE_COMPILATION_CONDITIONS = "DEBUG $(inherited)";
				SWIFT_OPTIMIZATION_LEVEL = "-Onone";
			};
			name = Debug;
		};
		EECEED6D2C1FE45800C0A60D /* Release */ = {
			isa = XCBuildConfiguration;
			buildSettings = {
				ALWAYS_SEARCH_USER_PATHS = NO;
				ASSETCATALOG_COMPILER_GENERATE_SWIFT_ASSET_SYMBOL_EXTENSIONS = YES;
				CLANG_ANALYZER_NONNULL = YES;
				CLANG_ANALYZER_NUMBER_OBJECT_CONVERSION = YES_AGGRESSIVE;
				CLANG_CXX_LANGUAGE_STANDARD = "gnu++20";
				CLANG_ENABLE_MODULES = YES;
				CLANG_ENABLE_OBJC_ARC = YES;
				CLANG_ENABLE_OBJC_WEAK = YES;
				CLANG_WARN_BLOCK_CAPTURE_AUTORELEASING = YES;
				CLANG_WARN_BOOL_CONVERSION = YES;
				CLANG_WARN_COMMA = YES;
				CLANG_WARN_CONSTANT_CONVERSION = YES;
				CLANG_WARN_DEPRECATED_OBJC_IMPLEMENTATIONS = YES;
				CLANG_WARN_DIRECT_OBJC_ISA_USAGE = YES_ERROR;
				CLANG_WARN_DOCUMENTATION_COMMENTS = YES;
				CLANG_WARN_EMPTY_BODY = YES;
				CLANG_WARN_ENUM_CONVERSION = YES;
				CLANG_WARN_INFINITE_RECURSION = YES;
				CLANG_WARN_INT_CONVERSION = YES;
				CLANG_WARN_NON_LITERAL_NULL_CONVERSION = YES;
				CLANG_WARN_OBJC_IMPLICIT_RETAIN_SELF = YES;
				CLANG_WARN_OBJC_LITERAL_CONVERSION = YES;
				CLANG_WARN_OBJC_ROOT_CLASS = YES_ERROR;
				CLANG_WARN_QUOTED_INCLUDE_IN_FRAMEWORK_HEADER = YES;
				CLANG_WARN_RANGE_LOOP_ANALYSIS = YES;
				CLANG_WARN_STRICT_PROTOTYPES = YES;
				CLANG_WARN_SUSPICIOUS_MOVE = YES;
				CLANG_WARN_UNGUARDED_AVAILABILITY = YES_AGGRESSIVE;
				CLANG_WARN_UNREACHABLE_CODE = YES;
				CLANG_WARN__DUPLICATE_METHOD_MATCH = YES;
				COPY_PHASE_STRIP = NO;
				DEBUG_INFORMATION_FORMAT = "dwarf-with-dsym";
				ENABLE_NS_ASSERTIONS = NO;
				ENABLE_STRICT_OBJC_MSGSEND = YES;
				ENABLE_USER_SCRIPT_SANDBOXING = YES;
				GCC_C_LANGUAGE_STANDARD = gnu17;
				GCC_NO_COMMON_BLOCKS = YES;
				GCC_WARN_64_TO_32_BIT_CONVERSION = YES;
				GCC_WARN_ABOUT_RETURN_TYPE = YES_ERROR;
				GCC_WARN_UNDECLARED_SELECTOR = YES;
				GCC_WARN_UNINITIALIZED_AUTOS = YES_AGGRESSIVE;
				GCC_WARN_UNUSED_FUNCTION = YES;
				GCC_WARN_UNUSED_VARIABLE = YES;
				IPHONEOS_DEPLOYMENT_TARGET = 17.4;
				LOCALIZATION_PREFERS_STRING_CATALOGS = YES;
				MTL_ENABLE_DEBUG_INFO = NO;
				MTL_FAST_MATH = YES;
				SDKROOT = iphoneos;
				SWIFT_COMPILATION_MODE = wholemodule;
				VALIDATE_PRODUCT = YES;
			};
			name = Release;
		};
		EECEED6F2C1FE45800C0A60D /* Debug */ = {
			isa = XCBuildConfiguration;
			buildSettings = {
				ASSETCATALOG_COMPILER_APPICON_NAME = AppIcon;
				ASSETCATALOG_COMPILER_GLOBAL_ACCENT_COLOR_NAME = AccentColor;
				CODE_SIGN_STYLE = Automatic;
				CURRENT_PROJECT_VERSION = 1;
				DEVELOPMENT_ASSET_PATHS = "\"Pikacho/Preview Content\"";
				DEVELOPMENT_TEAM = 873V2J7TPM;
				ENABLE_PREVIEWS = YES;
				GENERATE_INFOPLIST_FILE = YES;
				INFOPLIST_FILE = Pikacho/Info.plist;
				INFOPLIST_KEY_UIApplicationSceneManifest_Generation = YES;
				INFOPLIST_KEY_UIApplicationSupportsIndirectInputEvents = YES;
				INFOPLIST_KEY_UILaunchScreen_Generation = YES;
				INFOPLIST_KEY_UISupportedInterfaceOrientations_iPad = "UIInterfaceOrientationPortrait UIInterfaceOrientationPortraitUpsideDown UIInterfaceOrientationLandscapeLeft UIInterfaceOrientationLandscapeRight";
				INFOPLIST_KEY_UISupportedInterfaceOrientations_iPhone = "UIInterfaceOrientationPortrait UIInterfaceOrientationLandscapeLeft UIInterfaceOrientationLandscapeRight";
				LD_RUNPATH_SEARCH_PATHS = (
					"$(inherited)",
					"@executable_path/Frameworks",
				);
				MARKETING_VERSION = 1.0;
				PRODUCT_BUNDLE_IDENTIFIER = DevAcademy.Pikacho;
				PRODUCT_NAME = "$(TARGET_NAME)";
				SWIFT_EMIT_LOC_STRINGS = YES;
				SWIFT_VERSION = 5.0;
				TARGETED_DEVICE_FAMILY = "1,2";
			};
			name = Debug;
		};
		EECEED702C1FE45800C0A60D /* Release */ = {
			isa = XCBuildConfiguration;
			buildSettings = {
				ASSETCATALOG_COMPILER_APPICON_NAME = AppIcon;
				ASSETCATALOG_COMPILER_GLOBAL_ACCENT_COLOR_NAME = AccentColor;
				CODE_SIGN_STYLE = Automatic;
				CURRENT_PROJECT_VERSION = 1;
				DEVELOPMENT_ASSET_PATHS = "\"Pikacho/Preview Content\"";
				DEVELOPMENT_TEAM = 873V2J7TPM;
				ENABLE_PREVIEWS = YES;
				GENERATE_INFOPLIST_FILE = YES;
				INFOPLIST_FILE = Pikacho/Info.plist;
				INFOPLIST_KEY_UIApplicationSceneManifest_Generation = YES;
				INFOPLIST_KEY_UIApplicationSupportsIndirectInputEvents = YES;
				INFOPLIST_KEY_UILaunchScreen_Generation = YES;
				INFOPLIST_KEY_UISupportedInterfaceOrientations_iPad = "UIInterfaceOrientationPortrait UIInterfaceOrientationPortraitUpsideDown UIInterfaceOrientationLandscapeLeft UIInterfaceOrientationLandscapeRight";
				INFOPLIST_KEY_UISupportedInterfaceOrientations_iPhone = "UIInterfaceOrientationPortrait UIInterfaceOrientationLandscapeLeft UIInterfaceOrientationLandscapeRight";
				LD_RUNPATH_SEARCH_PATHS = (
					"$(inherited)",
					"@executable_path/Frameworks",
				);
				MARKETING_VERSION = 1.0;
				PRODUCT_BUNDLE_IDENTIFIER = DevAcademy.Pikacho;
				PRODUCT_NAME = "$(TARGET_NAME)";
				SWIFT_EMIT_LOC_STRINGS = YES;
				SWIFT_VERSION = 5.0;
				TARGETED_DEVICE_FAMILY = "1,2";
			};
			name = Release;
		};
/* End XCBuildConfiguration section */

/* Begin XCConfigurationList section */
		EECEED5B2C1FE45800C0A60D /* Build configuration list for PBXProject "Pikacho" */ = {
			isa = XCConfigurationList;
			buildConfigurations = (
				EECEED6C2C1FE45800C0A60D /* Debug */,
				EECEED6D2C1FE45800C0A60D /* Release */,
			);
			defaultConfigurationIsVisible = 0;
			defaultConfigurationName = Release;
		};
		EECEED6E2C1FE45800C0A60D /* Build configuration list for PBXNativeTarget "Pikacho" */ = {
			isa = XCConfigurationList;
			buildConfigurations = (
				EECEED6F2C1FE45800C0A60D /* Debug */,
				EECEED702C1FE45800C0A60D /* Release */,
			);
			defaultConfigurationIsVisible = 0;
			defaultConfigurationName = Release;
		};
/* End XCConfigurationList section */
	};
	rootObject = EECEED582C1FE45800C0A60D /* Project object */;
}
